
Microsoft Visual Studio Solution File, Format Version 12.00
# Visual Studio Version 17
VisualStudioVersion = 17.0.31919.166
MinimumVisualStudioVersion = 10.0.40219.1
Project("{FAE04EC0-301F-11D3-BF4B-00C04F79EFBC}") = "DemoBlazorSignalR_ServerSide", "DemoBlazorSignalR_ServerSide\DemoBlazorSignalR_ServerSide.csproj", "{AA1CAB11-5B21-4A4A-8E80-D6B5093E55B9}"
EndProject
Global
	GlobalSection(SolutionConfigurationPlatforms) = preSolution
		Debug|Any CPU = Debug|Any CPU
		Release|Any CPU = Release|Any CPU
	EndGlobalSection
	GlobalSection(ProjectConfigurationPlatforms) = postSolution
		{AA1CAB11-5B21-4A4A-8E80-D6B5093E55B9}.Debug|Any CPU.ActiveCfg = Debug|Any CPU
		{AA1CAB11-5B21-4A4A-8E80-D6B5093E55B9}.Debug|Any CPU.Build.0 = Debug|Any CPU
		{AA1CAB11-5B21-4A4A-8E80-D6B5093E55B9}.Release|Any CPU.ActiveCfg = Release|Any CPU
		{AA1CAB11-5B21-4A4A-8E80-D6B5093E55B9}.Release|Any CPU.Build.0 = Release|Any CPU
	EndGlobalSection
	GlobalSection(SolutionProperties) = preSolution
		HideSolutionNode = FALSE
	EndGlobalSection
	GlobalSection(ExtensibilityGlobals) = postSolution
		SolutionGuid = {0D4CA2AC-9406-4757-B18B-FC9626FEBFC4}
	EndGlobalSection
EndGlobal
